# This file is autogenerated, do not edit; changes may be undone by the next 'dep ensure'.


[[projects]]
  digest = "1:e5539ce22c3312edd1f12ec0a585e331cb2882713c0303aa884a6441f2555af3"
  name = "github.com/aliyun/aliyun-oss-go-sdk"
  packages = ["oss"]
  pruneopts = "UT"
  revision = "6fe16293d6b7af4f5c2450714c5b4825c8ad040c"
  version = "1.7.0"

[[projects]]
  digest = "1:abeb38ade3f32a92943e5be54f55ed6d6e3b6602761d74b4aab4c9dd45c18abd"
  name = "github.com/fsnotify/fsnotify"
  packages = ["."]
  pruneopts = "UT"
  revision = "c2828203cd70a50dcccfb2761f8b1f8ceef9a8e9"
  version = "v1.4.7"

[[projects]]
  branch = "master"
  digest = "1:3891cc78541df6e4596b3e73978eb062d32967084069270ec881b959be5155ae"
  name = "github.com/pkg/errors"
  packages = ["."]
  pruneopts = "UT"
  revision = "816c9085562cd7ee03e7f8188a1cfd942858cded"

[[projects]]
  branch = "master"
  digest = "1:0f68f43cb33abf4c6052f11ee65305e84b82f1a8aca653869e0a643aff93ffec"
  name = "github.com/qiniu/api.v7"
  packages = [
    "auth/qbox",
    "conf",
    "storage",
  ]
  pruneopts = "UT"
  revision = "056764add0530a5ff576eaee3a2ccc689d1769ad"

[[projects]]
  branch = "develop"
  digest = "1:2aab414b381b52e8a3fd14ad9f9be657680a90df2699ca15861efe0eddbf040a"
  name = "github.com/qiniu/x"
  packages = [
    "bytes.v7",
    "bytes.v7/seekable",
    "reqid.v7",
    "xlog.v7",
  ]
  pruneopts = "UT"
  revision = "f512abcf45ab4e2ba0fd4784c57b53d495997d66"

[[projects]]
  branch = "master"
  digest = "1:68ae7a24476fe166c77ab60dace5945a0cd0c97bf714f27dd5cb66e5bde7fb82"
  name = "github.com/sirupsen/logrus"
  packages = ["."]
  pruneopts = "UT"
  revision = "d329d24db4313262a3b0a24d8aeb1dc4bd294fb0"

[[projects]]
  branch = "master"
  digest = "1:3f3a05ae0b95893d90b9b3b5afdb79a9b3d96e4e36e099d841ae602e4aca0da8"
  name = "golang.org/x/crypto"
  packages = ["ssh/terminal"]
  pruneopts = "UT"
  revision = "f027049dab0ad238e394a753dba2d14753473a04"

[[projects]]
  digest = "1:76ee51c3f468493aff39dbacc401e8831fbb765104cbf613b89bef01cf4bad70"
  name = "golang.org/x/net"
  packages = ["context"]
  pruneopts = "UT"
  revision = "f4c29de78a2a91c00474a2e689954305c350adf9"

[[projects]]
  digest = "1:ac2b4591b3f3d30453b924e13326e2e7a656d65cc74b1d3420e25ab9f5dbd39f"
  name = "golang.org/x/sys"
  packages = [
    "unix",
    "windows",
  ]
  pruneopts = "UT"
  revision = "34b17bdb430002e9db9ae7ddc8480b9fa05edc22"

[[projects]]
  digest = "1:342378ac4dcb378a5448dd723f0784ae519383532f5e70ade24132c4c8693202"
  name = "gopkg.in/yaml.v2"
  packages = ["."]
  pruneopts = "UT"
  revision = "5420a8b6744d3b0345ab293f6fcba19c978f1183"
  version = "v2.2.1"

[[projects]]
  branch = "develop"
  digest = "1:3b5e7235c98bd161d63467d2dde26c630d598b123e4a1ed810f9026c60c7b6c8"
  name = "qiniupkg.com/x"
  packages = [
    "bytes.v7",
    "log.v7",
    "reqid.v7",
  ]
  pruneopts = "UT"
  revision = "f512abcf45ab4e2ba0fd4784c57b53d495997d66"

[solve-meta]
  analyzer-name = "dep"
  analyzer-version = 1
  input-imports = [
    "github.com/aliyun/aliyun-oss-go-sdk/oss",
    "github.com/fsnotify/fsnotify",
    "github.com/pkg/errors",
    "github.com/qiniu/api.v7/auth/qbox",
    "github.com/qiniu/api.v7/storage",
    "github.com/sirupsen/logrus",
    "gopkg.in/yaml.v2",
  ]
  solver-name = "gps-cdcl"
  solver-version = 1
